
Microsoft Visual Studio Solution File, Format Version 12.00
# Visual Studio Version 17
VisualStudioVersion = 17.8.34330.188
MinimumVisualStudioVersion = 10.0.40219.1
Project("{9A19103F-16F7-4668-BE54-9A1E7A4F7556}") = "Stage0", "Stage0\Stage0.csproj", "{7837E4F4-0804-4974-AAD1-1113C927BFB5}"
EndProject
Project("{2150E333-8FDC-42A3-9474-1A3956D46DE8}") = "Solution Items", "Solution Items", "{EE5A8BB9-1F53-4843-A6EB-35ADD1C54EA1}"
	ProjectSection(SolutionItems) = preProject
		README.md = README.md
	EndProjectSection
EndProject
Project("{9A19103F-16F7-4668-BE54-9A1E7A4F7556}") = "DalFacade", "DalFacade\DalFacade.csproj", "{D9614C88-B717-49F0-AFF2-E886207BBD7B}"
EndProject
Project("{9A19103F-16F7-4668-BE54-9A1E7A4F7556}") = "DalList", "DalList\DalList.csproj", "{FDDBFFF8-7CF6-411C-8953-6CBF90DF464B}"
EndProject
Project("{9A19103F-16F7-4668-BE54-9A1E7A4F7556}") = "DalTest", "DalTest\DalTest.csproj", "{AB13AFEC-444B-49EE-A491-EDAFF24BBFD1}"
EndProject
Project("{FAE04EC0-301F-11D3-BF4B-00C04F79EFBC}") = "DalXml", "DalXml\DalXml.csproj", "{1C2CAC3A-564A-4D34-8EF0-A1E39C1B9C5D}"
EndProject
Project("{2150E333-8FDC-42A3-9474-1A3956D46DE8}") = "xml", "xml", "{B984A68B-E8C9-40F1-88F1-F3078E36A35A}"
	ProjectSection(SolutionItems) = preProject
		xml\agents.xml = xml\agents.xml
		xml\data-config.xml = xml\data-config.xml
		xml\dependencies.xml = xml\dependencies.xml
		xml\tasks.xml = xml\tasks.xml
	EndProjectSection
EndProject
Global
	GlobalSection(SolutionConfigurationPlatforms) = preSolution
		Debug|Any CPU = Debug|Any CPU
		Release|Any CPU = Release|Any CPU
	EndGlobalSection
	GlobalSection(ProjectConfigurationPlatforms) = postSolution
		{7837E4F4-0804-4974-AAD1-1113C927BFB5}.Debug|Any CPU.ActiveCfg = Debug|Any CPU
		{7837E4F4-0804-4974-AAD1-1113C927BFB5}.Debug|Any CPU.Build.0 = Debug|Any CPU
		{7837E4F4-0804-4974-AAD1-1113C927BFB5}.Release|Any CPU.ActiveCfg = Release|Any CPU
		{7837E4F4-0804-4974-AAD1-1113C927BFB5}.Release|Any CPU.Build.0 = Release|Any CPU
		{D9614C88-B717-49F0-AFF2-E886207BBD7B}.Debug|Any CPU.ActiveCfg = Debug|Any CPU
		{D9614C88-B717-49F0-AFF2-E886207BBD7B}.Debug|Any CPU.Build.0 = Debug|Any CPU
		{D9614C88-B717-49F0-AFF2-E886207BBD7B}.Release|Any CPU.ActiveCfg = Release|Any CPU
		{D9614C88-B717-49F0-AFF2-E886207BBD7B}.Release|Any CPU.Build.0 = Release|Any CPU
		{FDDBFFF8-7CF6-411C-8953-6CBF90DF464B}.Debug|Any CPU.ActiveCfg = Debug|Any CPU
		{FDDBFFF8-7CF6-411C-8953-6CBF90DF464B}.Debug|Any CPU.Build.0 = Debug|Any CPU
		{FDDBFFF8-7CF6-411C-8953-6CBF90DF464B}.Release|Any CPU.ActiveCfg = Release|Any CPU
		{FDDBFFF8-7CF6-411C-8953-6CBF90DF464B}.Release|Any CPU.Build.0 = Release|Any CPU
		{AB13AFEC-444B-49EE-A491-EDAFF24BBFD1}.Debug|Any CPU.ActiveCfg = Debug|Any CPU
		{AB13AFEC-444B-49EE-A491-EDAFF24BBFD1}.Debug|Any CPU.Build.0 = Debug|Any CPU
		{AB13AFEC-444B-49EE-A491-EDAFF24BBFD1}.Release|Any CPU.ActiveCfg = Release|Any CPU
		{AB13AFEC-444B-49EE-A491-EDAFF24BBFD1}.Release|Any CPU.Build.0 = Release|Any CPU
		{1C2CAC3A-564A-4D34-8EF0-A1E39C1B9C5D}.Debug|Any CPU.ActiveCfg = Debug|Any CPU
		{1C2CAC3A-564A-4D34-8EF0-A1E39C1B9C5D}.Debug|Any CPU.Build.0 = Debug|Any CPU
		{1C2CAC3A-564A-4D34-8EF0-A1E39C1B9C5D}.Release|Any CPU.ActiveCfg = Release|Any CPU
		{1C2CAC3A-564A-4D34-8EF0-A1E39C1B9C5D}.Release|Any CPU.Build.0 = Release|Any CPU
	EndGlobalSection
	GlobalSection(SolutionProperties) = preSolution
		HideSolutionNode = FALSE
	EndGlobalSection
	GlobalSection(NestedProjects) = preSolution
		{B984A68B-E8C9-40F1-88F1-F3078E36A35A} = {EE5A8BB9-1F53-4843-A6EB-35ADD1C54EA1}
	EndGlobalSection
	GlobalSection(ExtensibilityGlobals) = postSolution
		SolutionGuid = {F4C2E6FA-BCCB-4268-A9E2-EB813FA0E9F1}
	EndGlobalSection
EndGlobal
